<?xml version="1.0" encoding="utf-8"?>
<Project ToolsVersion="4.0" xmlns="http://schemas.microsoft.com/developer/msbuild/2003">
  <ItemGroup>
    <Filter Include="ソース ファイル">
      <UniqueIdentifier>{4FC737F1-C7A5-4376-A066-2A32D752A2FF}</UniqueIdentifier>
      <Extensions>cpp;c;cc;cxx;c++;cppm;ixx;def;odl;idl;hpj;bat;asm;asmx</Extensions>
    </Filter>
    <Filter Include="ヘッダー ファイル">
      <UniqueIdentifier>{93995380-89BD-4b04-88EB-625FBE52EBFB}</UniqueIdentifier>
      <Extensions>h;hh;hpp;hxx;h++;hm;inl;inc;ipp;xsd</Extensions>
    </Filter>
    <Filter Include="リソース ファイル">
      <UniqueIdentifier>{67DA6AB6-F800-4c08-8B7A-83BB121AAD01}</UniqueIdentifier>
      <Extensions>rc;ico;cur;bmp;dlg;rc2;rct;bin;rgs;gif;jpg;jpeg;jpe;resx;tiff;tif;png;wav;mfcribbon-ms</Extensions>
    </Filter>
    <Filter Include="ヘッダー ファイル\Scene">
      <UniqueIdentifier>{4661cdf3-ab1e-43b5-828e-cc9fd51aae3b}</UniqueIdentifier>
    </Filter>
    <Filter Include="ソース ファイル\Scene">
      <UniqueIdentifier>{caf5c0c8-725a-44cf-80f6-3b1445dc4b14}</UniqueIdentifier>
    </Filter>
    <Filter Include="ヘッダー ファイル\Header">
      <UniqueIdentifier>{d57cd6e9-f70d-433a-b8f0-89de67c7edec}</UniqueIdentifier>
    </Filter>
    <Filter Include="ヘッダー ファイル\Object">
      <UniqueIdentifier>{b406292e-9485-417d-a579-8918d7ed0739}</UniqueIdentifier>
    </Filter>
    <Filter Include="ヘッダー ファイル\Object\UI">
      <UniqueIdentifier>{9c46f10d-3377-42cf-afcb-0d91f7d7c910}</UniqueIdentifier>
    </Filter>
    <Filter Include="ソース ファイル\Object">
      <UniqueIdentifier>{9d77c37f-0b51-41b0-a35f-002e3a6689ec}</UniqueIdentifier>
    </Filter>
    <Filter Include="ソース ファイル\Object\UI">
      <UniqueIdentifier>{dbe11bac-765a-4bfe-a0da-c4aaf09f304e}</UniqueIdentifier>
    </Filter>
    <Filter Include="ソース ファイル\effect">
      <UniqueIdentifier>{bc5906a7-f02c-473e-aca3-2df0baf3dfcf}</UniqueIdentifier>
    </Filter>
    <Filter Include="ヘッダー ファイル\Scene\Title">
      <UniqueIdentifier>{96974ac1-e302-4a32-8ba0-a34af4d1bdc5}</UniqueIdentifier>
    </Filter>
    <Filter Include="ヘッダー ファイル\Scene\Title\TextCreate">
      <UniqueIdentifier>{9ec47729-6a5d-4d5b-bd4c-c3a588fde978}</UniqueIdentifier>
    </Filter>
    <Filter Include="ソース ファイル\Object\type">
      <UniqueIdentifier>{1ae7b837-c093-4109-96e1-e705834bbf0c}</UniqueIdentifier>
    </Filter>
    <Filter Include="ヘッダー ファイル\Object\type">
      <UniqueIdentifier>{95eb9c61-e9a3-41bb-bc6e-239a49f7c3bb}</UniqueIdentifier>
    </Filter>
    <Filter Include="ヘッダー ファイル\effect">
      <UniqueIdentifier>{d738007b-e3f6-4f40-9a3d-ced6e277abd1}</UniqueIdentifier>
    </Filter>
  </ItemGroup>
  <ItemGroup>
    <ClCompile Include="SceneBase.cpp">
      <Filter>ソース ファイル\Scene</Filter>
    </ClCompile>
    <ClCompile Include="Title.cpp">
      <Filter>ソース ファイル\Scene</Filter>
    </ClCompile>
    <ClCompile Include="Game.cpp">
      <Filter>ソース ファイル\Scene</Filter>
    </ClCompile>
    <ClCompile Include="Mouse.cpp">
      <Filter>ソース ファイル\Object\UI</Filter>
    </ClCompile>
    <ClCompile Include="Button.cpp">
      <Filter>ソース ファイル\Object\UI</Filter>
    </ClCompile>
    <ClCompile Include="main.cpp">
      <Filter>ソース ファイル\Scene</Filter>
    </ClCompile>
    <ClCompile Include="Typeing.cpp">
      <Filter>ソース ファイル\Object\type</Filter>
    </ClCompile>
    <ClCompile Include="Myeffect.cpp">
      <Filter>ソース ファイル\effect</Filter>
    </ClCompile>
    <ClCompile Include="key.cpp">
      <Filter>ソース ファイル\Object\type</Filter>
    </ClCompile>
  </ItemGroup>
  <ItemGroup>
    <ClInclude Include="SceneBase.h">
      <Filter>ヘッダー ファイル\Scene</Filter>
    </ClInclude>
    <ClInclude Include="MyHeader.h">
      <Filter>ヘッダー ファイル\Header</Filter>
    </ClInclude>
    <ClInclude Include="Game.h">
      <Filter>ヘッダー ファイル\Scene</Filter>
    </ClInclude>
    <ClInclude Include="Button.h">
      <Filter>ヘッダー ファイル\Object\UI</Filter>
    </ClInclude>
    <ClInclude Include="Mouse.h">
      <Filter>ヘッダー ファイル\Object\UI</Filter>
    </ClInclude>
    <ClInclude Include="Title.h">
      <Filter>ヘッダー ファイル\Scene\Title</Filter>
    </ClInclude>
    <ClInclude Include="Typeing.h">
      <Filter>ヘッダー ファイル\Object\type</Filter>
    </ClInclude>
    <ClInclude Include="Myeffect.h">
      <Filter>ヘッダー ファイル\effect</Filter>
    </ClInclude>
    <ClInclude Include="key.h">
      <Filter>ソース ファイル\Object\type</Filter>
    </ClInclude>
  </ItemGroup>
</Project>